
Microsoft Visual Studio Solution File, Format Version 12.00
# Visual Studio Version 17
VisualStudioVersion = 17.4.33213.308
MinimumVisualStudioVersion = 10.0.40219.1
Project("{FAE04EC0-301F-11D3-BF4B-00C04F79EFBC}") = "ProgrammingAssignment2", "ProgrammingAssignment2\ProgrammingAssignment2.csproj", "{E5825E19-1453-43AC-8063-FA55D5D52214}"
EndProject
Global
	GlobalSection(SolutionConfigurationPlatforms) = preSolution
		Debug|Any CPU = Debug|Any CPU
		Release|Any CPU = Release|Any CPU
	EndGlobalSection
	GlobalSection(ProjectConfigurationPlatforms) = postSolution
		{E5825E19-1453-43AC-8063-FA55D5D52214}.Debug|Any CPU.ActiveCfg = Debug|Any CPU
		{E5825E19-1453-43AC-8063-FA55D5D52214}.Debug|Any CPU.Build.0 = Debug|Any CPU
		{E5825E19-1453-43AC-8063-FA55D5D52214}.Release|Any CPU.ActiveCfg = Release|Any CPU
		{E5825E19-1453-43AC-8063-FA55D5D52214}.Release|Any CPU.Build.0 = Release|Any CPU
	EndGlobalSection
	GlobalSection(SolutionProperties) = preSolution
		HideSolutionNode = FALSE
	EndGlobalSection
	GlobalSection(ExtensibilityGlobals) = postSolution
		SolutionGuid = {850930EC-2341-4DD8-A534-AD56FF35DADF}
	EndGlobalSection
EndGlobal
